# This file is automatically @generated by Cargo.
# It is not intended for manual editing.
version = 3

[[package]]
name = "adler"
version = "1.0.2"
source = "registry+https://github.com/rust-lang/crates.io-index"
checksum = "f26201604c87b1e01bd3d98f8d5d9a8fcbb815e8cedb41ffccbeb4bf593a35fe"

[[package]]
name = "anstream"
version = "0.6.14"
source = "registry+https://github.com/rust-lang/crates.io-index"
checksum = "418c75fa768af9c03be99d17643f93f79bbba589895012a80e3452a19ddda15b"
dependencies = [
 "anstyle",
 "anstyle-parse",
 "anstyle-query",
 "anstyle-wincon",
 "colorchoice",
 "is_terminal_polyfill",
 "utf8parse",
]

[[package]]
name = "anstyle"
version = "1.0.4"
source = "registry+https://github.com/rust-lang/crates.io-index"
checksum = "7079075b41f533b8c61d2a4d073c4676e1f8b249ff94a393b0595db304e0dd87"

[[package]]
name = "anstyle-parse"
version = "0.2.3"
source = "registry+https://github.com/rust-lang/crates.io-index"
checksum = "c75ac65da39e5fe5ab759307499ddad880d724eed2f6ce5b5e8a26f4f387928c"
dependencies = [
 "utf8parse",
]

[[package]]
name = "anstyle-query"
version = "1.0.2"
source = "registry+https://github.com/rust-lang/crates.io-index"
checksum = "e28923312444cdd728e4738b3f9c9cac739500909bb3d3c94b43551b16517648"
dependencies = [
 "windows-sys",
]

[[package]]
name = "anstyle-wincon"
version = "3.0.2"
source = "registry+https://github.com/rust-lang/crates.io-index"
checksum = "1cd54b81ec8d6180e24654d0b371ad22fc3dd083b6ff8ba325b72e00c87660a7"
dependencies = [
 "anstyle",
 "windows-sys",
]

[[package]]
name = "anyhow"
version = "1.0.75"
source = "registry+https://github.com/rust-lang/crates.io-index"
checksum = "a4668cab20f66d8d020e1fbc0ebe47217433c1b6c8f2040faf858554e394ace6"

[[package]]
name = "autocfg"
version = "1.1.0"
source = "registry+https://github.com/rust-lang/crates.io-index"
checksum = "d468802bab17cbc0cc575e9b053f41e72aa36bfa6b7f55e3529ffa43161b97fa"

[[package]]
name = "bit_field"
version = "0.10.2"
source = "registry+https://github.com/rust-lang/crates.io-index"
checksum = "dc827186963e592360843fb5ba4b973e145841266c1357f7180c43526f2e5b61"

[[package]]
name = "bitflags"
version = "1.3.2"
source = "registry+https://github.com/rust-lang/crates.io-index"
checksum = "bef38d45163c2f1dde094a7dfd33ccf595c92905c8f8f4fdc18d06fb1037718a"

[[package]]
name = "bitvec"
version = "1.0.1"
source = "registry+https://github.com/rust-lang/crates.io-index"
checksum = "1bc2832c24239b0141d5674bb9174f9d68a8b5b3f2753311927c172ca46f7e9c"
dependencies = [
 "funty",
 "radium",
 "tap",
 "wyz",
]

[[package]]
name = "bytemuck"
version = "1.16.1"
source = "registry+https://github.com/rust-lang/crates.io-index"
checksum = "b236fc92302c97ed75b38da1f4917b5cdda4984745740f153a5d3059e48d725e"

[[package]]
name = "byteorder"
version = "1.5.0"
source = "registry+https://github.com/rust-lang/crates.io-index"
checksum = "1fd0f2584146f6f2ef48085050886acf353beff7305ebd1ae69500e27c67f64b"

[[package]]
name = "cc"
version = "1.0.83"
source = "registry+https://github.com/rust-lang/crates.io-index"
checksum = "f1174fb0b6ec23863f8b971027804a42614e347eafb0a95bf0b12cdae21fc4d0"
dependencies = [
 "libc",
]

[[package]]
name = "cfg-if"
version = "1.0.0"
source = "registry+https://github.com/rust-lang/crates.io-index"
checksum = "baf1de4339761588bc0619e3cbc0120ee582ebb74b53b4efbf79117bd2da40fd"

[[package]]
name = "clap"
version = "4.5.9"
source = "registry+https://github.com/rust-lang/crates.io-index"
checksum = "64acc1846d54c1fe936a78dc189c34e28d3f5afc348403f28ecf53660b9b8462"
dependencies = [
 "clap_builder",
 "clap_derive",
]

[[package]]
name = "clap_builder"
version = "4.5.9"
source = "registry+https://github.com/rust-lang/crates.io-index"
checksum = "6fb8393d67ba2e7bfaf28a23458e4e2b543cc73a99595511eb207fdb8aede942"
dependencies = [
 "anstream",
 "anstyle",
 "clap_lex",
 "strsim",
]

[[package]]
name = "clap_derive"
version = "4.5.8"
source = "registry+https://github.com/rust-lang/crates.io-index"
checksum = "2bac35c6dafb060fd4d275d9a4ffae97917c13a6327903a8be2153cd964f7085"
dependencies = [
 "heck",
 "proc-macro2",
 "quote",
 "syn",
]

[[package]]
name = "clap_lex"
version = "0.7.1"
source = "registry+https://github.com/rust-lang/crates.io-index"
checksum = "4b82cf0babdbd58558212896d1a4272303a57bdb245c2bf1147185fb45640e70"

[[package]]
name = "clap_mangen"
version = "0.2.22"
source = "registry+https://github.com/rust-lang/crates.io-index"
checksum = "f50dde5bc0c853d6248de457e5eb6e5a674a54b93810a34ded88d882ca1fe2de"
dependencies = [
 "clap",
 "roff",
]

[[package]]
name = "cmake"
version = "0.1.50"
source = "registry+https://github.com/rust-lang/crates.io-index"
checksum = "a31c789563b815f77f4250caee12365734369f942439b7defd71e18a48197130"
dependencies = [
 "cc",
]

[[package]]
name = "color_quant"
version = "1.1.0"
source = "registry+https://github.com/rust-lang/crates.io-index"
checksum = "3d7b894f5411737b7867f4827955924d7c254fc9f4d91a6aad6b097804b1018b"

[[package]]
name = "colorchoice"
version = "1.0.0"
source = "registry+https://github.com/rust-lang/crates.io-index"
checksum = "acbf1af155f9b9ef647e42cdc158db4b64a1b61f743629225fde6f3e0be2a7c7"

[[package]]
name = "crc32fast"
version = "1.3.2"
source = "registry+https://github.com/rust-lang/crates.io-index"
checksum = "b540bd8bc810d3885c6ea91e2018302f68baba2129ab3e88f32389ee9370880d"
dependencies = [
 "cfg-if",
]

[[package]]
name = "crossbeam-channel"
version = "0.5.13"
source = "registry+https://github.com/rust-lang/crates.io-index"
checksum = "33480d6946193aa8033910124896ca395333cae7e2d1113d1fef6c3272217df2"
dependencies = [
 "crossbeam-utils",
]

[[package]]
name = "crossbeam-deque"
version = "0.8.4"
source = "registry+https://github.com/rust-lang/crates.io-index"
checksum = "fca89a0e215bab21874660c67903c5f143333cab1da83d041c7ded6053774751"
dependencies = [
 "cfg-if",
 "crossbeam-epoch",
 "crossbeam-utils",
]

[[package]]
name = "crossbeam-epoch"
version = "0.9.16"
source = "registry+https://github.com/rust-lang/crates.io-index"
checksum = "2d2fe95351b870527a5d09bf563ed3c97c0cffb87cf1c78a591bf48bb218d9aa"
dependencies = [
 "autocfg",
 "cfg-if",
 "crossbeam-utils",
 "memoffset",
]

[[package]]
name = "crossbeam-utils"
version = "0.8.20"
source = "registry+https://github.com/rust-lang/crates.io-index"
checksum = "22ec99545bb0ed0ea7bb9b8e1e9122ea386ff8a48c0922e43f36d45ab09e0e80"

[[package]]
name = "crunchy"
version = "0.2.2"
source = "registry+https://github.com/rust-lang/crates.io-index"
checksum = "7a81dae078cea95a014a339291cec439d2f232ebe854a9d672b796c6afafa9b7"

[[package]]
name = "document-features"
version = "0.2.8"
source = "registry+https://github.com/rust-lang/crates.io-index"
checksum = "ef5282ad69563b5fc40319526ba27e0e7363d552a896f0297d54f767717f9b95"
dependencies = [
 "litrs",
]

[[package]]
name = "either"
version = "1.9.0"
source = "registry+https://github.com/rust-lang/crates.io-index"
checksum = "a26ae43d7bcc3b814de94796a5e736d4029efb0ee900c12e2d54c993ad1a1e07"

[[package]]
name = "equivalent"
version = "1.0.1"
source = "registry+https://github.com/rust-lang/crates.io-index"
checksum = "5443807d6dff69373d433ab9ef5378ad8df50ca6298caf15de6e52e24aaf54d5"

[[package]]
name = "exr"
version = "1.71.0"
source = "registry+https://github.com/rust-lang/crates.io-index"
checksum = "832a761f35ab3e6664babfbdc6cef35a4860e816ec3916dcfd0882954e98a8a8"
dependencies = [
 "bit_field",
 "flume",
 "half",
 "lebe",
 "miniz_oxide",
 "rayon-core",
 "smallvec",
 "zune-inflate",
]

[[package]]
name = "fast_image_resize"
version = "4.0.0"
source = "registry+https://github.com/rust-lang/crates.io-index"
checksum = "02abb58c39fa9b20678cedabab49e6c4f6ecb7480d7cb5711496b9289184a875"
dependencies = [
 "cfg-if",
 "document-features",
 "num-traits",
 "thiserror",
]

[[package]]
name = "fdeflate"
version = "0.3.1"
source = "registry+https://github.com/rust-lang/crates.io-index"
checksum = "64d6dafc854908ff5da46ff3f8f473c6984119a2876a383a860246dd7841a868"
dependencies = [
 "simd-adler32",
]

[[package]]
name = "flate2"
version = "1.0.28"
source = "registry+https://github.com/rust-lang/crates.io-index"
checksum = "46303f565772937ffe1d394a4fac6f411c6013172fadde9dcdb1e147a086940e"
dependencies = [
 "crc32fast",
 "miniz_oxide",
]

[[package]]
name = "flume"
version = "0.11.0"
source = "registry+https://github.com/rust-lang/crates.io-index"
checksum = "55ac459de2512911e4b674ce33cf20befaba382d05b62b008afc1c8b57cbf181"
dependencies = [
 "spin",
]

[[package]]
name = "funty"
version = "2.0.0"
source = "registry+https://github.com/rust-lang/crates.io-index"
checksum = "e6d5a32815ae3f33302d95fdcb2ce17862f8c65363dcfd29360480ba1001fc9c"

[[package]]
name = "gif"
version = "0.13.1"
source = "registry+https://github.com/rust-lang/crates.io-index"
checksum = "3fb2d69b19215e18bb912fa30f7ce15846e301408695e44e0ef719f1da9e19f2"
dependencies = [
 "color_quant",
 "weezl",
]

[[package]]
name = "half"
version = "2.2.1"
source = "registry+https://github.com/rust-lang/crates.io-index"
checksum = "02b4af3693f1b705df946e9fe5631932443781d0aabb423b62fcd4d73f6d2fd0"
dependencies = [
 "crunchy",
]

[[package]]
name = "hashbrown"
version = "0.14.3"
source = "registry+https://github.com/rust-lang/crates.io-index"
checksum = "290f1a1d9242c78d09ce40a5e87e7554ee637af1351968159f4952f028f75604"

[[package]]
name = "heck"
version = "0.5.0"
source = "registry+https://github.com/rust-lang/crates.io-index"
checksum = "2304e00983f87ffb38b55b444b5e3b60a884b5d30c0fca7d82fe33449bbe55ea"

[[package]]
name = "image"
version = "0.24.9"
source = "registry+https://github.com/rust-lang/crates.io-index"
checksum = "5690139d2f55868e080017335e4b94cb7414274c74f1669c84fb5feba2c9f69d"
dependencies = [
 "bytemuck",
 "byteorder",
 "color_quant",
 "exr",
 "gif",
 "jpeg-decoder",
 "num-traits",
 "png",
 "qoi",
 "tiff",
]

[[package]]
name = "indexmap"
version = "2.2.6"
source = "registry+https://github.com/rust-lang/crates.io-index"
checksum = "168fb715dda47215e360912c096649d23d58bf392ac62f73919e831745e40f26"
dependencies = [
 "equivalent",
 "hashbrown",
 "rayon",
]

[[package]]
name = "is_terminal_polyfill"
version = "1.70.0"
source = "registry+https://github.com/rust-lang/crates.io-index"
checksum = "f8478577c03552c21db0e2724ffb8986a5ce7af88107e6be5d2ee6e158c12800"

[[package]]
name = "jpeg-decoder"
version = "0.3.0"
source = "registry+https://github.com/rust-lang/crates.io-index"
checksum = "bc0000e42512c92e31c2252315bda326620a4e034105e900c98ec492fa077b3e"
dependencies = [
 "rayon",
]

[[package]]
name = "lebe"
version = "0.5.2"
source = "registry+https://github.com/rust-lang/crates.io-index"
checksum = "03087c2bad5e1034e8cace5926dec053fb3790248370865f5117a7d0213354c8"

[[package]]
name = "libc"
version = "0.2.155"
source = "registry+https://github.com/rust-lang/crates.io-index"
checksum = "97b3888a4aecf77e811145cadf6eef5901f4782c53886191b2f693f24761847c"

[[package]]
name = "libdeflate-sys"
version = "1.20.0"
source = "registry+https://github.com/rust-lang/crates.io-index"
checksum = "669ea17f9257bcb48c09c7ee4bef3957777504acffac557263e20c11001977bc"
dependencies = [
 "cc",
]

[[package]]
name = "libdeflater"
version = "1.20.0"
source = "registry+https://github.com/rust-lang/crates.io-index"
checksum = "8dfd6424f7010ee0a3416f1d796d0450e3ad3ac237a237644f728277c4ded016"
dependencies = [
 "libdeflate-sys",
]

[[package]]
name = "litrs"
version = "0.4.1"
source = "registry+https://github.com/rust-lang/crates.io-index"
checksum = "b4ce301924b7887e9d637144fdade93f9dfff9b60981d4ac161db09720d39aa5"

[[package]]
name = "lock_api"
version = "0.4.11"
source = "registry+https://github.com/rust-lang/crates.io-index"
checksum = "3c168f8615b12bc01f9c17e2eb0cc07dcae1940121185446edc3744920e8ef45"
dependencies = [
 "autocfg",
 "scopeguard",
]

[[package]]
name = "log"
version = "0.4.22"
source = "registry+https://github.com/rust-lang/crates.io-index"
checksum = "a7a70ba024b9dc04c27ea2f0c0548feb474ec5c54bba33a7f72f873a39d07b24"

[[package]]
name = "memoffset"
version = "0.9.0"
source = "registry+https://github.com/rust-lang/crates.io-index"
checksum = "5a634b1c61a95585bd15607c6ab0c4e5b226e695ff2800ba0cdccddf208c406c"
dependencies = [
 "autocfg",
]

[[package]]
name = "miniz_oxide"
version = "0.7.1"
source = "registry+https://github.com/rust-lang/crates.io-index"
checksum = "e7810e0be55b428ada41041c41f32c9f1a42817901b4ccf45fa3d4b6561e74c7"
dependencies = [
 "adler",
 "simd-adler32",
]

[[package]]
name = "num-traits"
version = "0.2.19"
source = "registry+https://github.com/rust-lang/crates.io-index"
checksum = "071dfc062690e90b734c0b2273ce72ad0ffa95f0c74596bc250dcfd960262841"
dependencies = [
 "autocfg",
]

[[package]]
name = "oxipng"
version = "9.1.1"
source = "registry+https://github.com/rust-lang/crates.io-index"
checksum = "3f398c53eb34e0cf71d9e0bc676cfa7c611e3844dd14ab05e92fb7b423c98ecf"
dependencies = [
 "bitvec",
 "clap",
 "clap_mangen",
 "crossbeam-channel",
 "indexmap",
 "libdeflater",
 "log",
 "rayon",
 "rgb",
 "rustc-hash",
 "rustc_version",
]

[[package]]
name = "pathdiff"
version = "0.2.1"
source = "registry+https://github.com/rust-lang/crates.io-index"
checksum = "8835116a5c179084a830efb3adc117ab007512b535bc1a21c991d3b32a6b44dd"

[[package]]
name = "pkg-config"
version = "0.3.27"
source = "registry+https://github.com/rust-lang/crates.io-index"
checksum = "26072860ba924cbfa98ea39c8c19b4dd6a4a25423dbdf219c1eca91aa0cf6964"

[[package]]
name = "png"
version = "0.17.10"
source = "registry+https://github.com/rust-lang/crates.io-index"
checksum = "dd75bf2d8dd3702b9707cdbc56a5b9ef42cec752eb8b3bafc01234558442aa64"
dependencies = [
 "bitflags",
 "crc32fast",
 "fdeflate",
 "flate2",
 "miniz_oxide",
]

[[package]]
name = "proc-macro2"
version = "1.0.86"
source = "registry+https://github.com/rust-lang/crates.io-index"
checksum = "5e719e8df665df0d1c8fbfd238015744736151d4445ec0836b8e628aae103b77"
dependencies = [
 "unicode-ident",
]

[[package]]
name = "qoi"
version = "0.4.1"
source = "registry+https://github.com/rust-lang/crates.io-index"
checksum = "7f6d64c71eb498fe9eae14ce4ec935c555749aef511cca85b5568910d6e48001"
dependencies = [
 "bytemuck",
]

[[package]]
name = "quote"
version = "1.0.36"
source = "registry+https://github.com/rust-lang/crates.io-index"
checksum = "0fa76aaf39101c457836aec0ce2316dbdc3ab723cdda1c6bd4e6ad4208acaca7"
dependencies = [
 "proc-macro2",
]

[[package]]
name = "radium"
version = "0.7.0"
source = "registry+https://github.com/rust-lang/crates.io-index"
checksum = "dc33ff2d4973d518d823d61aa239014831e521c75da58e3df4840d3f47749d09"

[[package]]
name = "rayon"
version = "1.10.0"
source = "registry+https://github.com/rust-lang/crates.io-index"
checksum = "b418a60154510ca1a002a752ca9714984e21e4241e804d32555251faf8b78ffa"
dependencies = [
 "either",
 "rayon-core",
]

[[package]]
name = "rayon-core"
version = "1.12.1"
source = "registry+https://github.com/rust-lang/crates.io-index"
checksum = "1465873a3dfdaa8ae7cb14b4383657caab0b3e8a0aa9ae8e04b044854c8dfce2"
dependencies = [
 "crossbeam-deque",
 "crossbeam-utils",
]

[[package]]
name = "reduce_image_size"
version = "0.2.3"
dependencies = [
 "clap",
 "fast_image_resize",
 "image",
 "oxipng",
 "pathdiff",
 "turbojpeg",
 "walkdir",
]

[[package]]
name = "rgb"
version = "0.8.37"
source = "registry+https://github.com/rust-lang/crates.io-index"
checksum = "05aaa8004b64fd573fc9d002f4e632d51ad4f026c2b5ba95fcb6c2f32c2c47d8"
dependencies = [
 "bytemuck",
]

[[package]]
name = "roff"
version = "0.2.1"
source = "registry+https://github.com/rust-lang/crates.io-index"
checksum = "b833d8d034ea094b1ea68aa6d5c740e0d04bad9d16568d08ba6f76823a114316"

[[package]]
name = "rustc-hash"
version = "1.1.0"
source = "registry+https://github.com/rust-lang/crates.io-index"
checksum = "08d43f7aa6b08d49f382cde6a7982047c3426db949b1424bc4b7ec9ae12c6ce2"

[[package]]
name = "rustc_version"
version = "0.4.0"
source = "registry+https://github.com/rust-lang/crates.io-index"
checksum = "bfa0f585226d2e68097d4f95d113b15b83a82e819ab25717ec0590d9584ef366"
dependencies = [
 "semver",
]

[[package]]
name = "same-file"
version = "1.0.6"
source = "registry+https://github.com/rust-lang/crates.io-index"
checksum = "93fc1dc3aaa9bfed95e02e6eadabb4baf7e3078b0bd1b4d7b6b0b68378900502"
dependencies = [
 "winapi-util",
]

[[package]]
name = "scopeguard"
version = "1.2.0"
source = "registry+https://github.com/rust-lang/crates.io-index"
checksum = "94143f37725109f92c262ed2cf5e59bce7498c01bcc1502d7b9afe439a4e9f49"

[[package]]
name = "semver"
version = "1.0.20"
source = "registry+https://github.com/rust-lang/crates.io-index"
checksum = "836fa6a3e1e547f9a2c4040802ec865b5d85f4014efe00555d7090a3dcaa1090"

[[package]]
name = "simd-adler32"
version = "0.3.7"
source = "registry+https://github.com/rust-lang/crates.io-index"
checksum = "d66dc143e6b11c1eddc06d5c423cfc97062865baf299914ab64caa38182078fe"

[[package]]
name = "smallvec"
version = "1.11.2"
source = "registry+https://github.com/rust-lang/crates.io-index"
checksum = "4dccd0940a2dcdf68d092b8cbab7dc0ad8fa938bf95787e1b916b0e3d0e8e970"

[[package]]
name = "spin"
version = "0.9.8"
source = "registry+https://github.com/rust-lang/crates.io-index"
checksum = "6980e8d7511241f8acf4aebddbb1ff938df5eebe98691418c4468d0b72a96a67"
dependencies = [
 "lock_api",
]

[[package]]
name = "strsim"
version = "0.11.1"
source = "registry+https://github.com/rust-lang/crates.io-index"
checksum = "7da8b5736845d9f2fcb837ea5d9e2628564b3b043a70948a3f0b778838c5fb4f"

[[package]]
name = "syn"
version = "2.0.70"
source = "registry+https://github.com/rust-lang/crates.io-index"
checksum = "2f0209b68b3613b093e0ec905354eccaedcfe83b8cb37cbdeae64026c3064c16"
dependencies = [
 "proc-macro2",
 "quote",
 "unicode-ident",
]

[[package]]
name = "tap"
version = "1.0.1"
source = "registry+https://github.com/rust-lang/crates.io-index"
checksum = "55937e1799185b12863d447f42597ed69d9928686b8d88a1df17376a097d8369"

[[package]]
name = "thiserror"
version = "1.0.61"
source = "registry+https://github.com/rust-lang/crates.io-index"
checksum = "c546c80d6be4bc6a00c0f01730c08df82eaa7a7a61f11d656526506112cc1709"
dependencies = [
 "thiserror-impl",
]

[[package]]
name = "thiserror-impl"
version = "1.0.61"
source = "registry+https://github.com/rust-lang/crates.io-index"
checksum = "46c3384250002a6d5af4d114f2845d37b57521033f30d5c3f46c4d70e1197533"
dependencies = [
 "proc-macro2",
 "quote",
 "syn",
]

[[package]]
name = "tiff"
version = "0.9.0"
source = "registry+https://github.com/rust-lang/crates.io-index"
checksum = "6d172b0f4d3fba17ba89811858b9d3d97f928aece846475bbda076ca46736211"
dependencies = [
 "flate2",
 "jpeg-decoder",
 "weezl",
]

[[package]]
name = "turbojpeg"
version = "1.1.0"
source = "registry+https://github.com/rust-lang/crates.io-index"
checksum = "291e4517c03ca0b7a6fc7b69a9c5a0034e268de7b5a4ddf21d26dcc4c9cbadaa"
dependencies = [
 "image",
 "libc",
 "thiserror",
 "turbojpeg-sys",
]

[[package]]
name = "turbojpeg-sys"
version = "1.0.0"
source = "registry+https://github.com/rust-lang/crates.io-index"
checksum = "3fa6daade3b979fb7454cce5ebcb9772ce7a1cf476ea27ed20ed06e13d9bc983"
dependencies = [
 "anyhow",
 "cmake",
 "libc",
 "pkg-config",
]

[[package]]
name = "unicode-ident"
version = "1.0.12"
source = "registry+https://github.com/rust-lang/crates.io-index"
checksum = "3354b9ac3fae1ff6755cb6db53683adb661634f67557942dea4facebec0fee4b"

[[package]]
name = "utf8parse"
version = "0.2.1"
source = "registry+https://github.com/rust-lang/crates.io-index"
checksum = "711b9620af191e0cdc7468a8d14e709c3dcdb115b36f838e601583af800a370a"

[[package]]
name = "walkdir"
version = "2.5.0"
source = "registry+https://github.com/rust-lang/crates.io-index"
checksum = "29790946404f91d9c5d06f9874efddea1dc06c5efe94541a7d6863108e3a5e4b"
dependencies = [
 "same-file",
 "winapi-util",
]

[[package]]
name = "weezl"
version = "0.1.8"
source = "registry+https://github.com/rust-lang/crates.io-index"
checksum = "53a85b86a771b1c87058196170769dd264f66c0782acf1ae6cc51bfd64b39082"

[[package]]
name = "winapi"
version = "0.3.9"
source = "registry+https://github.com/rust-lang/crates.io-index"
checksum = "5c839a674fcd7a98952e593242ea400abe93992746761e38641405d28b00f419"
dependencies = [
 "winapi-i686-pc-windows-gnu",
 "winapi-x86_64-pc-windows-gnu",
]

[[package]]
name = "winapi-i686-pc-windows-gnu"
version = "0.4.0"
source = "registry+https://github.com/rust-lang/crates.io-index"
checksum = "ac3b87c63620426dd9b991e5ce0329eff545bccbbb34f3be09ff6fb6ab51b7b6"

[[package]]
name = "winapi-util"
version = "0.1.6"
source = "registry+https://github.com/rust-lang/crates.io-index"
checksum = "f29e6f9198ba0d26b4c9f07dbe6f9ed633e1f3d5b8b414090084349e46a52596"
dependencies = [
 "winapi",
]

[[package]]
name = "winapi-x86_64-pc-windows-gnu"
version = "0.4.0"
source = "registry+https://github.com/rust-lang/crates.io-index"
checksum = "712e227841d057c1ee1cd2fb22fa7e5a5461ae8e48fa2ca79ec42cfc1931183f"

[[package]]
name = "windows-sys"
version = "0.52.0"
source = "registry+https://github.com/rust-lang/crates.io-index"
checksum = "282be5f36a8ce781fad8c8ae18fa3f9beff57ec1b52cb3de0789201425d9a33d"
dependencies = [
 "windows-targets",
]

[[package]]
name = "windows-targets"
version = "0.52.0"
source = "registry+https://github.com/rust-lang/crates.io-index"
checksum = "8a18201040b24831fbb9e4eb208f8892e1f50a37feb53cc7ff887feb8f50e7cd"
dependencies = [
 "windows_aarch64_gnullvm",
 "windows_aarch64_msvc",
 "windows_i686_gnu",
 "windows_i686_msvc",
 "windows_x86_64_gnu",
 "windows_x86_64_gnullvm",
 "windows_x86_64_msvc",
]

[[package]]
name = "windows_aarch64_gnullvm"
version = "0.52.0"
source = "registry+https://github.com/rust-lang/crates.io-index"
checksum = "cb7764e35d4db8a7921e09562a0304bf2f93e0a51bfccee0bd0bb0b666b015ea"

[[package]]
name = "windows_aarch64_msvc"
version = "0.52.0"
source = "registry+https://github.com/rust-lang/crates.io-index"
checksum = "bbaa0368d4f1d2aaefc55b6fcfee13f41544ddf36801e793edbbfd7d7df075ef"

[[package]]
name = "windows_i686_gnu"
version = "0.52.0"
source = "registry+https://github.com/rust-lang/crates.io-index"
checksum = "a28637cb1fa3560a16915793afb20081aba2c92ee8af57b4d5f28e4b3e7df313"

[[package]]
name = "windows_i686_msvc"
version = "0.52.0"
source = "registry+https://github.com/rust-lang/crates.io-index"
checksum = "ffe5e8e31046ce6230cc7215707b816e339ff4d4d67c65dffa206fd0f7aa7b9a"

[[package]]
name = "windows_x86_64_gnu"
version = "0.52.0"
source = "registry+https://github.com/rust-lang/crates.io-index"
checksum = "3d6fa32db2bc4a2f5abeacf2b69f7992cd09dca97498da74a151a3132c26befd"

[[package]]
name = "windows_x86_64_gnullvm"
version = "0.52.0"
source = "registry+https://github.com/rust-lang/crates.io-index"
checksum = "1a657e1e9d3f514745a572a6846d3c7aa7dbe1658c056ed9c3344c4109a6949e"

[[package]]
name = "windows_x86_64_msvc"
version = "0.52.0"
source = "registry+https://github.com/rust-lang/crates.io-index"
checksum = "dff9641d1cd4be8d1a070daf9e3773c5f67e78b4d9d42263020c057706765c04"

[[package]]
name = "wyz"
version = "0.5.1"
source = "registry+https://github.com/rust-lang/crates.io-index"
checksum = "05f360fc0b24296329c78fda852a1e9ae82de9cf7b27dae4b7f62f118f77b9ed"
dependencies = [
 "tap",
]

[[package]]
name = "zune-inflate"
version = "0.2.54"
source = "registry+https://github.com/rust-lang/crates.io-index"
checksum = "73ab332fe2f6680068f3582b16a24f90ad7096d5d39b974d1c0aff0125116f02"
dependencies = [
 "simd-adler32",
]
